
Microsoft Visual Studio Solution File, Format Version 12.00
# Visual Studio 15
VisualStudioVersion = 15.0.27428.2027
MinimumVisualStudioVersion = 10.0.40219.1
Project("{9A19103F-16F7-4668-BE54-9A1E7A4F7556}") = "IdentityServer4.HostApp", "IdentityServer4.HostApp\IdentityServer4.HostApp.csproj", "{0243CB1D-B42E-416B-BC35-EC71CB78E278}"
EndProject
Project("{2150E333-8FDC-42A3-9474-1A3956D46DE8}") = "docs", "docs", "{5F8A16A8-A228-49FF-9EDB-1244192B6CA8}"
	ProjectSection(SolutionItems) = preProject
		..\docs\arbitrary_no_subject.md = ..\docs\arbitrary_no_subject.md
		..\docs\arbitrary_resource_owner.md = ..\docs\arbitrary_resource_owner.md
		..\README.md = ..\README.md
	EndProjectSection
EndProject
Project("{9A19103F-16F7-4668-BE54-9A1E7A4F7556}") = "IdentityServer4Extras", "IdentityServer4Extras\IdentityServer4Extras.csproj", "{9BA16947-3F5F-4B58-9038-DEAA75BEA131}"
EndProject
Project("{2150E333-8FDC-42A3-9474-1A3956D46DE8}") = "IdentityServer4Source", "IdentityServer4Source", "{019B24FC-5A59-45CC-B07E-2399CF53AC53}"
EndProject
Project("{9A19103F-16F7-4668-BE54-9A1E7A4F7556}") = "ArbitraryResourceOwnerExtensionGrant", "ArbitraryResourceOwnerExtensionGrant\ArbitraryResourceOwnerExtensionGrant.csproj", "{79E28880-9ADE-4863-893E-8D7B1A9C58AB}"
EndProject
Project("{9A19103F-16F7-4668-BE54-9A1E7A4F7556}") = "ArbitraryOpenIdConnectTokenExtensionGrants", "ArbitraryOpenIdConnectTokenExtensionGrants\ArbitraryOpenIdConnectTokenExtensionGrants.csproj", "{1108D8F1-83EF-491F-BB06-2B996EC354AB}"
EndProject
Project("{9A19103F-16F7-4668-BE54-9A1E7A4F7556}") = "ProfileServiceManager", "ProfileServiceManager\ProfileServiceManager.csproj", "{8AA3D31A-58B8-4EC5-8B96-EEA39BD9280E}"
EndProject
Project("{2150E333-8FDC-42A3-9474-1A3956D46DE8}") = "Hosts", "Hosts", "{2A08CE43-F1C7-4557-BA6A-E72277B9C483}"
EndProject
Project("{9A19103F-16F7-4668-BE54-9A1E7A4F7556}") = "apiHost", "apiHost\apiHost.csproj", "{5881E47C-6D44-4A64-856F-D00753EF27ED}"
EndProject
Project("{9A19103F-16F7-4668-BE54-9A1E7A4F7556}") = "MultiAuthority.AccessTokenValidation", "MultiAuthority.AccessTokenValidation\MultiAuthority.AccessTokenValidation.csproj", "{1800C032-90BB-4EB7-9DE6-DCD355105F4E}"
EndProject
Project("{9A19103F-16F7-4668-BE54-9A1E7A4F7556}") = "IdentityServer4.AccessTokenValidation", "IdentityServer4.AccessTokenValidation\IdentityServer4.AccessTokenValidation.csproj", "{391F2E85-5E5B-4AE3-8A49-F73760371A79}"
EndProject
Project("{2150E333-8FDC-42A3-9474-1A3956D46DE8}") = "Tests", "Tests", "{ED3E98C1-9DDC-41A7-AA8A-9FCF2B0663AB}"
EndProject
Project("{9A19103F-16F7-4668-BE54-9A1E7A4F7556}") = "Guidage.Tests", "Guidage.Tests\Guidage.Tests.csproj", "{437E1CF6-FBA1-4332-A714-FB5B4CC9F5CB}"
EndProject
Project("{9A19103F-16F7-4668-BE54-9A1E7A4F7556}") = "ArbitraryNoSubjectExtensionGrant", "ArbitraryNoSubjectExtensionGrant\ArbitraryNoSubjectExtensionGrant.csproj", "{3BB9FEB9-CD2E-4300-A249-571BCA544802}"
EndProject
Project("{9A19103F-16F7-4668-BE54-9A1E7A4F7556}") = "Tests_ExtensionGrants", "Tests_ExtensionGrants\Tests_ExtensionGrants.csproj", "{5BAA3343-8BA0-4145-93D0-F2BB8C4C77C8}"
EndProject
Project("{9A19103F-16F7-4668-BE54-9A1E7A4F7556}") = "IdentityServer4", "IdentityServer4\IdentityServer4.csproj", "{1C8786DB-B967-4704-B3CE-F65B4AB215FE}"
EndProject
Project("{9A19103F-16F7-4668-BE54-9A1E7A4F7556}") = "MultiRefreshTokenSameSubjectSameClientIdWorkAround", "MultiRefreshTokenSameSubjectSameClientIdWorkAround\MultiRefreshTokenSameSubjectSameClientIdWorkAround.csproj", "{D4DEB8F3-25CF-4B59-98D0-8CE9F6410FED}"
EndProject
Project("{9A19103F-16F7-4668-BE54-9A1E7A4F7556}") = "IdentityServer4.SupportIDP", "IdentityServer4.SupportIDP\IdentityServer4.SupportIDP.csproj", "{1909C02C-9CE0-4759-9631-8AF5B4F9B43F}"
EndProject
Project("{2150E333-8FDC-42A3-9474-1A3956D46DE8}") = "Clients", "Clients", "{8DE49F3D-036E-4993-AFA2-0ADB9306FB42}"
EndProject
Project("{9A19103F-16F7-4668-BE54-9A1E7A4F7556}") = "P7.AspNetCore.Identity.InMemory", "P7.AspNetCore.Identity.InMemory\P7.AspNetCore.Identity.InMemory.csproj", "{D94E5824-162E-4AE9-AF78-FA0B02FEF03A}"
EndProject
Project("{9A19103F-16F7-4668-BE54-9A1E7A4F7556}") = "AspNetCoreIdentityClient", "AspNetCoreIdentityClient\AspNetCoreIdentityClient.csproj", "{61550785-65ED-43AE-B3CD-7FA42E97D85E}"
EndProject
Project("{9A19103F-16F7-4668-BE54-9A1E7A4F7556}") = "IdentityServer4.AspNetIdentityHost", "IdentityServer4.AspNetIdentityHost\IdentityServer4.AspNetIdentityHost.csproj", "{A4BEFDDE-A84A-44EA-B342-C94E5243B01B}"
EndProject
Project("{9A19103F-16F7-4668-BE54-9A1E7A4F7556}") = "IdentityModelExtras", "IdentityModelExtras\IdentityModelExtras.csproj", "{017B2247-2FE4-466B-9843-67EE21976A71}"
EndProject
Project("{9A19103F-16F7-4668-BE54-9A1E7A4F7556}") = "IdentityServer4.HostApp.Redis", "IdentityServer4.HostApp.Redis\IdentityServer4.HostApp.Redis.csproj", "{F2A98A26-E87E-44C1-B9D0-515C74195137}"
EndProject
Project("{2150E333-8FDC-42A3-9474-1A3956D46DE8}") = "REDIS", "REDIS", "{5AFACF15-C355-40AC-BD7D-1D4C82FD501E}"
EndProject
Project("{9A19103F-16F7-4668-BE54-9A1E7A4F7556}") = "IdentityServer4.Contrib.RedisStoreExtra", "IdentityServer4.Contrib.RedisStoreExtra\IdentityServer4.Contrib.RedisStoreExtra.csproj", "{9BE999CA-5C05-4BCC-9DAB-6A6BB149758D}"
EndProject
Project("{2150E333-8FDC-42A3-9474-1A3956D46DE8}") = "KeyVault", "KeyVault", "{447224EC-BC35-4791-BFA8-0AF2B13409F7}"
EndProject
Project("{9A19103F-16F7-4668-BE54-9A1E7A4F7556}") = "KeyVaultTokenCreateService", "KeyVaultTokenCreateService\KeyVaultTokenCreateService.csproj", "{BBC1350A-5096-423C-8B68-08EDAEC8ECC2}"
EndProject
Project("{9A19103F-16F7-4668-BE54-9A1E7A4F7556}") = "IdentityServer4.All", "IdentityServer4.All\IdentityServer4.All.csproj", "{10965046-6526-437F-BA5A-B12D103C2735}"
EndProject
Project("{2150E333-8FDC-42A3-9474-1A3956D46DE8}") = "P7.Core", "P7.Core", "{486B1EDE-1649-4512-8C43-2751C1291F36}"
EndProject
Project("{9A19103F-16F7-4668-BE54-9A1E7A4F7556}") = "P7.Core", "P7.Core\P7.Core.csproj", "{B76A989B-5359-48C0-B310-492D01B6D678}"
EndProject
Project("{9A19103F-16F7-4668-BE54-9A1E7A4F7556}") = "Extensions.HealthChecks", "Extensions.HealthChecks\Extensions.HealthChecks.csproj", "{020D1BD3-5488-419E-9C5B-37AF5201D2F8}"
EndProject
Project("{9A19103F-16F7-4668-BE54-9A1E7A4F7556}") = "AspNetCore.HealthChecks", "AspNetCore.HealthChecks\AspNetCore.HealthChecks.csproj", "{0737B85D-0E59-46A7-8E24-D047C7E62F70}"
EndProject
Project("{2150E333-8FDC-42A3-9474-1A3956D46DE8}") = "GraphQL", "GraphQL", "{AC13432E-1FEE-453F-BF4E-4800912024C9}"
EndProject
Project("{9A19103F-16F7-4668-BE54-9A1E7A4F7556}") = "P7.GraphQLCore.Standard", "P7.GraphQLCore.Standard\P7.GraphQLCore.Standard.csproj", "{AFE47EF2-A331-4372-B6D2-4AD903B4B800}"
EndProject
Project("{9A19103F-16F7-4668-BE54-9A1E7A4F7556}") = "GraphQLCore.ExtensionGrants", "GraphQLCore.ExtensionGrants\GraphQLCore.ExtensionGrants.csproj", "{EF50034A-0EBA-404C-B94E-02E243F1A249}"
EndProject
Project("{9A19103F-16F7-4668-BE54-9A1E7A4F7556}") = "GraphQLCoreController", "GraphQLCoreController\GraphQLCoreController.csproj", "{6CDF8EB3-5CCD-40D4-89BC-778CE86422FE}"
EndProject
Project("{2150E333-8FDC-42A3-9474-1A3956D46DE8}") = "Portals", "Portals", "{C2D30354-07B3-499D-85AC-31531F65C720}"
EndProject
Project("{9A19103F-16F7-4668-BE54-9A1E7A4F7556}") = "WebApplication2", "WebApplication2\WebApplication2.csproj", "{394FDCD6-D42E-4D06-A93B-5D0831A665A6}"
EndProject
Project("{9A19103F-16F7-4668-BE54-9A1E7A4F7556}") = "IdentityServer4.AspNetIdentity", "IdentityServer4.AspNetIdentity\IdentityServer4.AspNetIdentity.csproj", "{E2EFF6C9-65DA-4DA9-A49C-11C108DC1850}"
EndProject
Project("{9A19103F-16F7-4668-BE54-9A1E7A4F7556}") = "SupportIDP", "SupportIDP\SupportIDP.csproj", "{44AC24F5-279D-4EEC-AD62-DD60D9D941F4}"
EndProject
Project("{2150E333-8FDC-42A3-9474-1A3956D46DE8}") = "asp.net", "asp.net", "{03B08800-89FE-4F0C-B8DE-26CFD085302E}"
EndProject
Project("{9A19103F-16F7-4668-BE54-9A1E7A4F7556}") = "IdentityServer4.AspNetIdentityExtras", "IdentityServer4.AspNetIdentityExtras\IdentityServer4.AspNetIdentityExtras.csproj", "{5B7BF95A-D10E-4233-B5C3-E9242C6B1625}"
EndProject
Project("{9A19103F-16F7-4668-BE54-9A1E7A4F7556}") = "IdentityServer4.AspNetFederatedHost", "IdentityServer4.AspNetFederatedHost\IdentityServer4.AspNetFederatedHost.csproj", "{B031BD12-1B16-4E52-892A-BB1835A034F0}"
EndProject
Project("{9A19103F-16F7-4668-BE54-9A1E7A4F7556}") = "AspNetCoreIdentityClient2", "AspNetCoreIdentityClient2\AspNetCoreIdentityClient2.csproj", "{6A6B614A-9FDC-4BCD-938A-52FC8F7C45DF}"
EndProject
Project("{9A19103F-16F7-4668-BE54-9A1E7A4F7556}") = "IdentityModel", "IdentityModel\IdentityModel.csproj", "{EC504695-B7C2-4E12-9959-EA08AED2508D}"
EndProject
Project("{9A19103F-16F7-4668-BE54-9A1E7A4F7556}") = "IdentityModel.All", "IdentityModel.All\IdentityModel.All.csproj", "{EF2C593F-3455-4B3E-A80C-80C15CE559C5}"
EndProject
Project("{FAE04EC0-301F-11D3-BF4B-00C04F79EFBC}") = "WebApplication5", "WebApplication5\WebApplication5.csproj", "{13CFD4A7-8556-4B3D-A041-9FFBDA411430}"
EndProject
Global
	GlobalSection(SolutionConfigurationPlatforms) = preSolution
		Debug|Any CPU = Debug|Any CPU
		Release|Any CPU = Release|Any CPU
	EndGlobalSection
	GlobalSection(ProjectConfigurationPlatforms) = postSolution
		{0243CB1D-B42E-416B-BC35-EC71CB78E278}.Debug|Any CPU.ActiveCfg = Debug|Any CPU
		{0243CB1D-B42E-416B-BC35-EC71CB78E278}.Debug|Any CPU.Build.0 = Debug|Any CPU
		{0243CB1D-B42E-416B-BC35-EC71CB78E278}.Release|Any CPU.ActiveCfg = Release|Any CPU
		{0243CB1D-B42E-416B-BC35-EC71CB78E278}.Release|Any CPU.Build.0 = Release|Any CPU
		{9BA16947-3F5F-4B58-9038-DEAA75BEA131}.Debug|Any CPU.ActiveCfg = Debug|Any CPU
		{9BA16947-3F5F-4B58-9038-DEAA75BEA131}.Debug|Any CPU.Build.0 = Debug|Any CPU
		{9BA16947-3F5F-4B58-9038-DEAA75BEA131}.Release|Any CPU.ActiveCfg = Release|Any CPU
		{9BA16947-3F5F-4B58-9038-DEAA75BEA131}.Release|Any CPU.Build.0 = Release|Any CPU
		{79E28880-9ADE-4863-893E-8D7B1A9C58AB}.Debug|Any CPU.ActiveCfg = Debug|Any CPU
		{79E28880-9ADE-4863-893E-8D7B1A9C58AB}.Debug|Any CPU.Build.0 = Debug|Any CPU
		{79E28880-9ADE-4863-893E-8D7B1A9C58AB}.Release|Any CPU.ActiveCfg = Release|Any CPU
		{79E28880-9ADE-4863-893E-8D7B1A9C58AB}.Release|Any CPU.Build.0 = Release|Any CPU
		{1108D8F1-83EF-491F-BB06-2B996EC354AB}.Debug|Any CPU.ActiveCfg = Debug|Any CPU
		{1108D8F1-83EF-491F-BB06-2B996EC354AB}.Debug|Any CPU.Build.0 = Debug|Any CPU
		{1108D8F1-83EF-491F-BB06-2B996EC354AB}.Release|Any CPU.ActiveCfg = Release|Any CPU
		{1108D8F1-83EF-491F-BB06-2B996EC354AB}.Release|Any CPU.Build.0 = Release|Any CPU
		{8AA3D31A-58B8-4EC5-8B96-EEA39BD9280E}.Debug|Any CPU.ActiveCfg = Debug|Any CPU
		{8AA3D31A-58B8-4EC5-8B96-EEA39BD9280E}.Debug|Any CPU.Build.0 = Debug|Any CPU
		{8AA3D31A-58B8-4EC5-8B96-EEA39BD9280E}.Release|Any CPU.ActiveCfg = Release|Any CPU
		{8AA3D31A-58B8-4EC5-8B96-EEA39BD9280E}.Release|Any CPU.Build.0 = Release|Any CPU
		{5881E47C-6D44-4A64-856F-D00753EF27ED}.Debug|Any CPU.ActiveCfg = Debug|Any CPU
		{5881E47C-6D44-4A64-856F-D00753EF27ED}.Debug|Any CPU.Build.0 = Debug|Any CPU
		{5881E47C-6D44-4A64-856F-D00753EF27ED}.Release|Any CPU.ActiveCfg = Release|Any CPU
		{5881E47C-6D44-4A64-856F-D00753EF27ED}.Release|Any CPU.Build.0 = Release|Any CPU
		{1800C032-90BB-4EB7-9DE6-DCD355105F4E}.Debug|Any CPU.ActiveCfg = Debug|Any CPU
		{1800C032-90BB-4EB7-9DE6-DCD355105F4E}.Debug|Any CPU.Build.0 = Debug|Any CPU
		{1800C032-90BB-4EB7-9DE6-DCD355105F4E}.Release|Any CPU.ActiveCfg = Release|Any CPU
		{1800C032-90BB-4EB7-9DE6-DCD355105F4E}.Release|Any CPU.Build.0 = Release|Any CPU
		{391F2E85-5E5B-4AE3-8A49-F73760371A79}.Debug|Any CPU.ActiveCfg = Debug|Any CPU
		{391F2E85-5E5B-4AE3-8A49-F73760371A79}.Debug|Any CPU.Build.0 = Debug|Any CPU
		{391F2E85-5E5B-4AE3-8A49-F73760371A79}.Release|Any CPU.ActiveCfg = Release|Any CPU
		{391F2E85-5E5B-4AE3-8A49-F73760371A79}.Release|Any CPU.Build.0 = Release|Any CPU
		{437E1CF6-FBA1-4332-A714-FB5B4CC9F5CB}.Debug|Any CPU.ActiveCfg = Debug|Any CPU
		{437E1CF6-FBA1-4332-A714-FB5B4CC9F5CB}.Debug|Any CPU.Build.0 = Debug|Any CPU
		{437E1CF6-FBA1-4332-A714-FB5B4CC9F5CB}.Release|Any CPU.ActiveCfg = Release|Any CPU
		{437E1CF6-FBA1-4332-A714-FB5B4CC9F5CB}.Release|Any CPU.Build.0 = Release|Any CPU
		{3BB9FEB9-CD2E-4300-A249-571BCA544802}.Debug|Any CPU.ActiveCfg = Debug|Any CPU
		{3BB9FEB9-CD2E-4300-A249-571BCA544802}.Debug|Any CPU.Build.0 = Debug|Any CPU
		{3BB9FEB9-CD2E-4300-A249-571BCA544802}.Release|Any CPU.ActiveCfg = Release|Any CPU
		{3BB9FEB9-CD2E-4300-A249-571BCA544802}.Release|Any CPU.Build.0 = Release|Any CPU
		{5BAA3343-8BA0-4145-93D0-F2BB8C4C77C8}.Debug|Any CPU.ActiveCfg = Debug|Any CPU
		{5BAA3343-8BA0-4145-93D0-F2BB8C4C77C8}.Debug|Any CPU.Build.0 = Debug|Any CPU
		{5BAA3343-8BA0-4145-93D0-F2BB8C4C77C8}.Release|Any CPU.ActiveCfg = Release|Any CPU
		{5BAA3343-8BA0-4145-93D0-F2BB8C4C77C8}.Release|Any CPU.Build.0 = Release|Any CPU
		{1C8786DB-B967-4704-B3CE-F65B4AB215FE}.Debug|Any CPU.ActiveCfg = Debug|Any CPU
		{1C8786DB-B967-4704-B3CE-F65B4AB215FE}.Debug|Any CPU.Build.0 = Debug|Any CPU
		{1C8786DB-B967-4704-B3CE-F65B4AB215FE}.Release|Any CPU.ActiveCfg = Release|Any CPU
		{1C8786DB-B967-4704-B3CE-F65B4AB215FE}.Release|Any CPU.Build.0 = Release|Any CPU
		{D4DEB8F3-25CF-4B59-98D0-8CE9F6410FED}.Debug|Any CPU.ActiveCfg = Debug|Any CPU
		{D4DEB8F3-25CF-4B59-98D0-8CE9F6410FED}.Debug|Any CPU.Build.0 = Debug|Any CPU
		{D4DEB8F3-25CF-4B59-98D0-8CE9F6410FED}.Release|Any CPU.ActiveCfg = Release|Any CPU
		{D4DEB8F3-25CF-4B59-98D0-8CE9F6410FED}.Release|Any CPU.Build.0 = Release|Any CPU
		{1909C02C-9CE0-4759-9631-8AF5B4F9B43F}.Debug|Any CPU.ActiveCfg = Debug|Any CPU
		{1909C02C-9CE0-4759-9631-8AF5B4F9B43F}.Debug|Any CPU.Build.0 = Debug|Any CPU
		{1909C02C-9CE0-4759-9631-8AF5B4F9B43F}.Release|Any CPU.ActiveCfg = Release|Any CPU
		{1909C02C-9CE0-4759-9631-8AF5B4F9B43F}.Release|Any CPU.Build.0 = Release|Any CPU
		{D94E5824-162E-4AE9-AF78-FA0B02FEF03A}.Debug|Any CPU.ActiveCfg = Debug|Any CPU
		{D94E5824-162E-4AE9-AF78-FA0B02FEF03A}.Debug|Any CPU.Build.0 = Debug|Any CPU
		{D94E5824-162E-4AE9-AF78-FA0B02FEF03A}.Release|Any CPU.ActiveCfg = Release|Any CPU
		{D94E5824-162E-4AE9-AF78-FA0B02FEF03A}.Release|Any CPU.Build.0 = Release|Any CPU
		{61550785-65ED-43AE-B3CD-7FA42E97D85E}.Debug|Any CPU.ActiveCfg = Debug|Any CPU
		{61550785-65ED-43AE-B3CD-7FA42E97D85E}.Debug|Any CPU.Build.0 = Debug|Any CPU
		{61550785-65ED-43AE-B3CD-7FA42E97D85E}.Release|Any CPU.ActiveCfg = Release|Any CPU
		{61550785-65ED-43AE-B3CD-7FA42E97D85E}.Release|Any CPU.Build.0 = Release|Any CPU
		{A4BEFDDE-A84A-44EA-B342-C94E5243B01B}.Debug|Any CPU.ActiveCfg = Debug|Any CPU
		{A4BEFDDE-A84A-44EA-B342-C94E5243B01B}.Debug|Any CPU.Build.0 = Debug|Any CPU
		{A4BEFDDE-A84A-44EA-B342-C94E5243B01B}.Release|Any CPU.ActiveCfg = Release|Any CPU
		{A4BEFDDE-A84A-44EA-B342-C94E5243B01B}.Release|Any CPU.Build.0 = Release|Any CPU
		{017B2247-2FE4-466B-9843-67EE21976A71}.Debug|Any CPU.ActiveCfg = Debug|Any CPU
		{017B2247-2FE4-466B-9843-67EE21976A71}.Debug|Any CPU.Build.0 = Debug|Any CPU
		{017B2247-2FE4-466B-9843-67EE21976A71}.Release|Any CPU.ActiveCfg = Release|Any CPU
		{017B2247-2FE4-466B-9843-67EE21976A71}.Release|Any CPU.Build.0 = Release|Any CPU
		{F2A98A26-E87E-44C1-B9D0-515C74195137}.Debug|Any CPU.ActiveCfg = Debug|Any CPU
		{F2A98A26-E87E-44C1-B9D0-515C74195137}.Debug|Any CPU.Build.0 = Debug|Any CPU
		{F2A98A26-E87E-44C1-B9D0-515C74195137}.Release|Any CPU.ActiveCfg = Release|Any CPU
		{F2A98A26-E87E-44C1-B9D0-515C74195137}.Release|Any CPU.Build.0 = Release|Any CPU
		{9BE999CA-5C05-4BCC-9DAB-6A6BB149758D}.Debug|Any CPU.ActiveCfg = Debug|Any CPU
		{9BE999CA-5C05-4BCC-9DAB-6A6BB149758D}.Debug|Any CPU.Build.0 = Debug|Any CPU
		{9BE999CA-5C05-4BCC-9DAB-6A6BB149758D}.Release|Any CPU.ActiveCfg = Release|Any CPU
		{9BE999CA-5C05-4BCC-9DAB-6A6BB149758D}.Release|Any CPU.Build.0 = Release|Any CPU
		{BBC1350A-5096-423C-8B68-08EDAEC8ECC2}.Debug|Any CPU.ActiveCfg = Debug|Any CPU
		{BBC1350A-5096-423C-8B68-08EDAEC8ECC2}.Debug|Any CPU.Build.0 = Debug|Any CPU
		{BBC1350A-5096-423C-8B68-08EDAEC8ECC2}.Release|Any CPU.ActiveCfg = Release|Any CPU
		{BBC1350A-5096-423C-8B68-08EDAEC8ECC2}.Release|Any CPU.Build.0 = Release|Any CPU
		{10965046-6526-437F-BA5A-B12D103C2735}.Debug|Any CPU.ActiveCfg = Debug|Any CPU
		{10965046-6526-437F-BA5A-B12D103C2735}.Debug|Any CPU.Build.0 = Debug|Any CPU
		{10965046-6526-437F-BA5A-B12D103C2735}.Release|Any CPU.ActiveCfg = Release|Any CPU
		{10965046-6526-437F-BA5A-B12D103C2735}.Release|Any CPU.Build.0 = Release|Any CPU
		{B76A989B-5359-48C0-B310-492D01B6D678}.Debug|Any CPU.ActiveCfg = Debug|Any CPU
		{B76A989B-5359-48C0-B310-492D01B6D678}.Debug|Any CPU.Build.0 = Debug|Any CPU
		{B76A989B-5359-48C0-B310-492D01B6D678}.Release|Any CPU.ActiveCfg = Release|Any CPU
		{B76A989B-5359-48C0-B310-492D01B6D678}.Release|Any CPU.Build.0 = Release|Any CPU
		{020D1BD3-5488-419E-9C5B-37AF5201D2F8}.Debug|Any CPU.ActiveCfg = Debug|Any CPU
		{020D1BD3-5488-419E-9C5B-37AF5201D2F8}.Debug|Any CPU.Build.0 = Debug|Any CPU
		{020D1BD3-5488-419E-9C5B-37AF5201D2F8}.Release|Any CPU.ActiveCfg = Release|Any CPU
		{020D1BD3-5488-419E-9C5B-37AF5201D2F8}.Release|Any CPU.Build.0 = Release|Any CPU
		{0737B85D-0E59-46A7-8E24-D047C7E62F70}.Debug|Any CPU.ActiveCfg = Debug|Any CPU
		{0737B85D-0E59-46A7-8E24-D047C7E62F70}.Debug|Any CPU.Build.0 = Debug|Any CPU
		{0737B85D-0E59-46A7-8E24-D047C7E62F70}.Release|Any CPU.ActiveCfg = Release|Any CPU
		{0737B85D-0E59-46A7-8E24-D047C7E62F70}.Release|Any CPU.Build.0 = Release|Any CPU
		{AFE47EF2-A331-4372-B6D2-4AD903B4B800}.Debug|Any CPU.ActiveCfg = Debug|Any CPU
		{AFE47EF2-A331-4372-B6D2-4AD903B4B800}.Debug|Any CPU.Build.0 = Debug|Any CPU
		{AFE47EF2-A331-4372-B6D2-4AD903B4B800}.Release|Any CPU.ActiveCfg = Release|Any CPU
		{AFE47EF2-A331-4372-B6D2-4AD903B4B800}.Release|Any CPU.Build.0 = Release|Any CPU
		{EF50034A-0EBA-404C-B94E-02E243F1A249}.Debug|Any CPU.ActiveCfg = Debug|Any CPU
		{EF50034A-0EBA-404C-B94E-02E243F1A249}.Debug|Any CPU.Build.0 = Debug|Any CPU
		{EF50034A-0EBA-404C-B94E-02E243F1A249}.Release|Any CPU.ActiveCfg = Release|Any CPU
		{EF50034A-0EBA-404C-B94E-02E243F1A249}.Release|Any CPU.Build.0 = Release|Any CPU
		{6CDF8EB3-5CCD-40D4-89BC-778CE86422FE}.Debug|Any CPU.ActiveCfg = Debug|Any CPU
		{6CDF8EB3-5CCD-40D4-89BC-778CE86422FE}.Debug|Any CPU.Build.0 = Debug|Any CPU
		{6CDF8EB3-5CCD-40D4-89BC-778CE86422FE}.Release|Any CPU.ActiveCfg = Release|Any CPU
		{6CDF8EB3-5CCD-40D4-89BC-778CE86422FE}.Release|Any CPU.Build.0 = Release|Any CPU
		{394FDCD6-D42E-4D06-A93B-5D0831A665A6}.Debug|Any CPU.ActiveCfg = Debug|Any CPU
		{394FDCD6-D42E-4D06-A93B-5D0831A665A6}.Debug|Any CPU.Build.0 = Debug|Any CPU
		{394FDCD6-D42E-4D06-A93B-5D0831A665A6}.Release|Any CPU.ActiveCfg = Release|Any CPU
		{394FDCD6-D42E-4D06-A93B-5D0831A665A6}.Release|Any CPU.Build.0 = Release|Any CPU
		{E2EFF6C9-65DA-4DA9-A49C-11C108DC1850}.Debug|Any CPU.ActiveCfg = Debug|Any CPU
		{E2EFF6C9-65DA-4DA9-A49C-11C108DC1850}.Debug|Any CPU.Build.0 = Debug|Any CPU
		{E2EFF6C9-65DA-4DA9-A49C-11C108DC1850}.Release|Any CPU.ActiveCfg = Release|Any CPU
		{E2EFF6C9-65DA-4DA9-A49C-11C108DC1850}.Release|Any CPU.Build.0 = Release|Any CPU
		{44AC24F5-279D-4EEC-AD62-DD60D9D941F4}.Debug|Any CPU.ActiveCfg = Debug|Any CPU
		{44AC24F5-279D-4EEC-AD62-DD60D9D941F4}.Debug|Any CPU.Build.0 = Debug|Any CPU
		{44AC24F5-279D-4EEC-AD62-DD60D9D941F4}.Release|Any CPU.ActiveCfg = Release|Any CPU
		{44AC24F5-279D-4EEC-AD62-DD60D9D941F4}.Release|Any CPU.Build.0 = Release|Any CPU
		{5B7BF95A-D10E-4233-B5C3-E9242C6B1625}.Debug|Any CPU.ActiveCfg = Debug|Any CPU
		{5B7BF95A-D10E-4233-B5C3-E9242C6B1625}.Debug|Any CPU.Build.0 = Debug|Any CPU
		{5B7BF95A-D10E-4233-B5C3-E9242C6B1625}.Release|Any CPU.ActiveCfg = Release|Any CPU
		{5B7BF95A-D10E-4233-B5C3-E9242C6B1625}.Release|Any CPU.Build.0 = Release|Any CPU
		{B031BD12-1B16-4E52-892A-BB1835A034F0}.Debug|Any CPU.ActiveCfg = Debug|Any CPU
		{B031BD12-1B16-4E52-892A-BB1835A034F0}.Debug|Any CPU.Build.0 = Debug|Any CPU
		{B031BD12-1B16-4E52-892A-BB1835A034F0}.Release|Any CPU.ActiveCfg = Release|Any CPU
		{B031BD12-1B16-4E52-892A-BB1835A034F0}.Release|Any CPU.Build.0 = Release|Any CPU
		{6A6B614A-9FDC-4BCD-938A-52FC8F7C45DF}.Debug|Any CPU.ActiveCfg = Debug|Any CPU
		{6A6B614A-9FDC-4BCD-938A-52FC8F7C45DF}.Debug|Any CPU.Build.0 = Debug|Any CPU
		{6A6B614A-9FDC-4BCD-938A-52FC8F7C45DF}.Release|Any CPU.ActiveCfg = Release|Any CPU
		{6A6B614A-9FDC-4BCD-938A-52FC8F7C45DF}.Release|Any CPU.Build.0 = Release|Any CPU
		{EC504695-B7C2-4E12-9959-EA08AED2508D}.Debug|Any CPU.ActiveCfg = Debug|Any CPU
		{EC504695-B7C2-4E12-9959-EA08AED2508D}.Debug|Any CPU.Build.0 = Debug|Any CPU
		{EC504695-B7C2-4E12-9959-EA08AED2508D}.Release|Any CPU.ActiveCfg = Release|Any CPU
		{EC504695-B7C2-4E12-9959-EA08AED2508D}.Release|Any CPU.Build.0 = Release|Any CPU
		{EF2C593F-3455-4B3E-A80C-80C15CE559C5}.Debug|Any CPU.ActiveCfg = Debug|Any CPU
		{EF2C593F-3455-4B3E-A80C-80C15CE559C5}.Debug|Any CPU.Build.0 = Debug|Any CPU
		{EF2C593F-3455-4B3E-A80C-80C15CE559C5}.Release|Any CPU.ActiveCfg = Release|Any CPU
		{EF2C593F-3455-4B3E-A80C-80C15CE559C5}.Release|Any CPU.Build.0 = Release|Any CPU
		{13CFD4A7-8556-4B3D-A041-9FFBDA411430}.Debug|Any CPU.ActiveCfg = Debug|Any CPU
		{13CFD4A7-8556-4B3D-A041-9FFBDA411430}.Debug|Any CPU.Build.0 = Debug|Any CPU
		{13CFD4A7-8556-4B3D-A041-9FFBDA411430}.Release|Any CPU.ActiveCfg = Release|Any CPU
		{13CFD4A7-8556-4B3D-A041-9FFBDA411430}.Release|Any CPU.Build.0 = Release|Any CPU
	EndGlobalSection
	GlobalSection(SolutionProperties) = preSolution
		HideSolutionNode = FALSE
	EndGlobalSection
	GlobalSection(NestedProjects) = preSolution
		{0243CB1D-B42E-416B-BC35-EC71CB78E278} = {2A08CE43-F1C7-4557-BA6A-E72277B9C483}
		{5881E47C-6D44-4A64-856F-D00753EF27ED} = {2A08CE43-F1C7-4557-BA6A-E72277B9C483}
		{391F2E85-5E5B-4AE3-8A49-F73760371A79} = {019B24FC-5A59-45CC-B07E-2399CF53AC53}
		{437E1CF6-FBA1-4332-A714-FB5B4CC9F5CB} = {ED3E98C1-9DDC-41A7-AA8A-9FCF2B0663AB}
		{5BAA3343-8BA0-4145-93D0-F2BB8C4C77C8} = {ED3E98C1-9DDC-41A7-AA8A-9FCF2B0663AB}
		{1C8786DB-B967-4704-B3CE-F65B4AB215FE} = {019B24FC-5A59-45CC-B07E-2399CF53AC53}
		{1909C02C-9CE0-4759-9631-8AF5B4F9B43F} = {2A08CE43-F1C7-4557-BA6A-E72277B9C483}
		{D94E5824-162E-4AE9-AF78-FA0B02FEF03A} = {8DE49F3D-036E-4993-AFA2-0ADB9306FB42}
		{61550785-65ED-43AE-B3CD-7FA42E97D85E} = {8DE49F3D-036E-4993-AFA2-0ADB9306FB42}
		{A4BEFDDE-A84A-44EA-B342-C94E5243B01B} = {2A08CE43-F1C7-4557-BA6A-E72277B9C483}
		{017B2247-2FE4-466B-9843-67EE21976A71} = {8DE49F3D-036E-4993-AFA2-0ADB9306FB42}
		{F2A98A26-E87E-44C1-B9D0-515C74195137} = {2A08CE43-F1C7-4557-BA6A-E72277B9C483}
		{9BE999CA-5C05-4BCC-9DAB-6A6BB149758D} = {5AFACF15-C355-40AC-BD7D-1D4C82FD501E}
		{BBC1350A-5096-423C-8B68-08EDAEC8ECC2} = {447224EC-BC35-4791-BFA8-0AF2B13409F7}
		{10965046-6526-437F-BA5A-B12D103C2735} = {019B24FC-5A59-45CC-B07E-2399CF53AC53}
		{B76A989B-5359-48C0-B310-492D01B6D678} = {486B1EDE-1649-4512-8C43-2751C1291F36}
		{020D1BD3-5488-419E-9C5B-37AF5201D2F8} = {486B1EDE-1649-4512-8C43-2751C1291F36}
		{0737B85D-0E59-46A7-8E24-D047C7E62F70} = {486B1EDE-1649-4512-8C43-2751C1291F36}
		{AFE47EF2-A331-4372-B6D2-4AD903B4B800} = {AC13432E-1FEE-453F-BF4E-4800912024C9}
		{EF50034A-0EBA-404C-B94E-02E243F1A249} = {AC13432E-1FEE-453F-BF4E-4800912024C9}
		{6CDF8EB3-5CCD-40D4-89BC-778CE86422FE} = {AC13432E-1FEE-453F-BF4E-4800912024C9}
		{394FDCD6-D42E-4D06-A93B-5D0831A665A6} = {C2D30354-07B3-499D-85AC-31531F65C720}
		{E2EFF6C9-65DA-4DA9-A49C-11C108DC1850} = {019B24FC-5A59-45CC-B07E-2399CF53AC53}
		{44AC24F5-279D-4EEC-AD62-DD60D9D941F4} = {2A08CE43-F1C7-4557-BA6A-E72277B9C483}
		{03B08800-89FE-4F0C-B8DE-26CFD085302E} = {2A08CE43-F1C7-4557-BA6A-E72277B9C483}
		{5B7BF95A-D10E-4233-B5C3-E9242C6B1625} = {03B08800-89FE-4F0C-B8DE-26CFD085302E}
		{B031BD12-1B16-4E52-892A-BB1835A034F0} = {03B08800-89FE-4F0C-B8DE-26CFD085302E}
		{6A6B614A-9FDC-4BCD-938A-52FC8F7C45DF} = {8DE49F3D-036E-4993-AFA2-0ADB9306FB42}
		{EC504695-B7C2-4E12-9959-EA08AED2508D} = {019B24FC-5A59-45CC-B07E-2399CF53AC53}
		{EF2C593F-3455-4B3E-A80C-80C15CE559C5} = {019B24FC-5A59-45CC-B07E-2399CF53AC53}
		{13CFD4A7-8556-4B3D-A041-9FFBDA411430} = {8DE49F3D-036E-4993-AFA2-0ADB9306FB42}
	EndGlobalSection
	GlobalSection(ExtensibilityGlobals) = postSolution
		SolutionGuid = {31A229D9-6435-4F01-BCA8-031788548038}
	EndGlobalSection
EndGlobal
